
Microsoft Visual Studio Solution File, Format Version 12.00
# Visual Studio Version 17
VisualStudioVersion = 17.1.32210.238
MinimumVisualStudioVersion = 10.0.40219.1
Project("{9A19103F-16F7-4668-BE54-9A1E7A4F7556}") = "RetirementIncomePlannerLibrary", "RetirementIncomePlannerLibrary\RetirementIncomePlannerLibrary.csproj", "{D3D99A32-D882-41DF-81F1-2DE1A9FD4CCE}"
EndProject
Project("{FAE04EC0-301F-11D3-BF4B-00C04F79EFBC}") = "RetirementIncomePlannerTestHarness", "RetirementIncomePlannerTestHarness\RetirementIncomePlannerTestHarness.csproj", "{9E6D88D4-CF53-4309-9E1A-E4670F599563}"
EndProject
Global
	GlobalSection(SolutionConfigurationPlatforms) = preSolution
		Debug|Any CPU = Debug|Any CPU
		Release|Any CPU = Release|Any CPU
	EndGlobalSection
	GlobalSection(ProjectConfigurationPlatforms) = postSolution
		{D3D99A32-D882-41DF-81F1-2DE1A9FD4CCE}.Debug|Any CPU.ActiveCfg = Debug|Any CPU
		{D3D99A32-D882-41DF-81F1-2DE1A9FD4CCE}.Debug|Any CPU.Build.0 = Debug|Any CPU
		{D3D99A32-D882-41DF-81F1-2DE1A9FD4CCE}.Release|Any CPU.ActiveCfg = Release|Any CPU
		{D3D99A32-D882-41DF-81F1-2DE1A9FD4CCE}.Release|Any CPU.Build.0 = Release|Any CPU
		{9E6D88D4-CF53-4309-9E1A-E4670F599563}.Debug|Any CPU.ActiveCfg = Debug|Any CPU
		{9E6D88D4-CF53-4309-9E1A-E4670F599563}.Debug|Any CPU.Build.0 = Debug|Any CPU
		{9E6D88D4-CF53-4309-9E1A-E4670F599563}.Release|Any CPU.ActiveCfg = Release|Any CPU
		{9E6D88D4-CF53-4309-9E1A-E4670F599563}.Release|Any CPU.Build.0 = Release|Any CPU
	EndGlobalSection
	GlobalSection(SolutionProperties) = preSolution
		HideSolutionNode = FALSE
	EndGlobalSection
	GlobalSection(ExtensibilityGlobals) = postSolution
		SolutionGuid = {930795FA-10B5-42CF-B222-3DA37C979472}
	EndGlobalSection
EndGlobal
